// !$*UTF8*$!
{
	archiveVersion = 1;
	classes = {
	};
	objectVersion = 56;
	objects = {

/* Begin PBXBuildFile section */
		D88F34B92C048766009EFCC8 /* coredataDemoApp.swift in Sources */ = {isa = PBXBuildFile; fileRef = D88F34B82C048766009EFCC8 /* coredataDemoApp.swift */; };
		D88F34BB2C048766009EFCC8 /* ContentView.swift in Sources */ = {isa = PBXBuildFile; fileRef = D88F34BA2C048766009EFCC8 /* ContentView.swift */; };
		D88F34BD2C048767009EFCC8 /* Assets.xcassets in Resources */ = {isa = PBXBuildFile; fileRef = D88F34BC2C048767009EFCC8 /* Assets.xcassets */; };
		D88F34C02C048767009EFCC8 /* Preview Assets.xcassets in Resources */ = {isa = PBXBuildFile; fileRef = D88F34BF2C048767009EFCC8 /* Preview Assets.xcassets */; };
		D88F34C22C048768009EFCC8 /* Persistence.swift in Sources */ = {isa = PBXBuildFile; fileRef = D88F34C12C048768009EFCC8 /* Persistence.swift */; };
		D88F34C52C048768009EFCC8 /* coredataDemo.xcdatamodeld in Sources */ = {isa = PBXBuildFile; fileRef = D88F34C32C048768009EFCC8 /* coredataDemo.xcdatamodeld */; };
		D88F34CF2C048768009EFCC8 /* coredataDemoTests.swift in Sources */ = {isa = PBXBuildFile; fileRef = D88F34CE2C048768009EFCC8 /* coredataDemoTests.swift */; };
		D88F34D92C048768009EFCC8 /* coredataDemoUITests.swift in Sources */ = {isa = PBXBuildFile; fileRef = D88F34D82C048768009EFCC8 /* coredataDemoUITests.swift */; };
		D88F34DB2C048768009EFCC8 /* coredataDemoUITestsLaunchTests.swift in Sources */ = {isa = PBXBuildFile; fileRef = D88F34DA2C048768009EFCC8 /* coredataDemoUITestsLaunchTests.swift */; };
		D88F34F22C0489DC009EFCC8 /* Person+CoreDataClass.swift in Sources */ = {isa = PBXBuildFile; fileRef = D88F34F02C0489DC009EFCC8 /* Person+CoreDataClass.swift */; };
		D88F34F32C0489DC009EFCC8 /* Person+CoreDataProperties.swift in Sources */ = {isa = PBXBuildFile; fileRef = D88F34F12C0489DC009EFCC8 /* Person+CoreDataProperties.swift */; };
		D88F34F92C0499D1009EFCC8 /* PersonViewModel.swift in Sources */ = {isa = PBXBuildFile; fileRef = D88F34F82C0499D1009EFCC8 /* PersonViewModel.swift */; };
		D88F34FC2C05C1D7009EFCC8 /* PersonRepository.swift in Sources */ = {isa = PBXBuildFile; fileRef = D88F34FB2C05C1D7009EFCC8 /* PersonRepository.swift */; };
		D88F34FE2C05C213009EFCC8 /* UseCases.swift in Sources */ = {isa = PBXBuildFile; fileRef = D88F34FD2C05C213009EFCC8 /* UseCases.swift */; };
		D88F35012C05C55C009EFCC8 /* AddPersonView.swift in Sources */ = {isa = PBXBuildFile; fileRef = D88F35002C05C55C009EFCC8 /* AddPersonView.swift */; };
		D88F35032C05C644009EFCC8 /* PersonDetailView.swift in Sources */ = {isa = PBXBuildFile; fileRef = D88F35022C05C644009EFCC8 /* PersonDetailView.swift */; };
/* End PBXBuildFile section */

/* Begin PBXContainerItemProxy section */
		D88F34CB2C048768009EFCC8 /* PBXContainerItemProxy */ = {
			isa = PBXContainerItemProxy;
			containerPortal = D88F34AD2C048766009EFCC8 /* Project object */;
			proxyType = 1;
			remoteGlobalIDString = D88F34B42C048766009EFCC8;
			remoteInfo = coredataDemo;
		};
		D88F34D52C048768009EFCC8 /* PBXContainerItemProxy */ = {
			isa = PBXContainerItemProxy;
			containerPortal = D88F34AD2C048766009EFCC8 /* Project object */;
			proxyType = 1;
			remoteGlobalIDString = D88F34B42C048766009EFCC8;
			remoteInfo = coredataDemo;
		};
/* End PBXContainerItemProxy section */

/* Begin PBXFileReference section */
		D88F34B52C048766009EFCC8 /* coredataDemo.app */ = {isa = PBXFileReference; explicitFileType = wrapper.application; includeInIndex = 0; path = coredataDemo.app; sourceTree = BUILT_PRODUCTS_DIR; };
		D88F34B82C048766009EFCC8 /* coredataDemoApp.swift */ = {isa = PBXFileReference; lastKnownFileType = sourcecode.swift; path = coredataDemoApp.swift; sourceTree = "<group>"; };
		D88F34BA2C048766009EFCC8 /* ContentView.swift */ = {isa = PBXFileReference; lastKnownFileType = sourcecode.swift; path = ContentView.swift; sourceTree = "<group>"; };
		D88F34BC2C048767009EFCC8 /* Assets.xcassets */ = {isa = PBXFileReference; lastKnownFileType = folder.assetcatalog; path = Assets.xcassets; sourceTree = "<group>"; };
		D88F34BF2C048767009EFCC8 /* Preview Assets.xcassets */ = {isa = PBXFileReference; lastKnownFileType = folder.assetcatalog; path = "Preview Assets.xcassets"; sourceTree = "<group>"; };
		D88F34C12C048768009EFCC8 /* Persistence.swift */ = {isa = PBXFileReference; lastKnownFileType = sourcecode.swift; path = Persistence.swift; sourceTree = "<group>"; };
		D88F34C42C048768009EFCC8 /* coredataDemo.xcdatamodel */ = {isa = PBXFileReference; lastKnownFileType = wrapper.xcdatamodel; path = coredataDemo.xcdatamodel; sourceTree = "<group>"; };
		D88F34CA2C048768009EFCC8 /* coredataDemoTests.xctest */ = {isa = PBXFileReference; explicitFileType = wrapper.cfbundle; includeInIndex = 0; path = coredataDemoTests.xctest; sourceTree = BUILT_PRODUCTS_DIR; };
		D88F34CE2C048768009EFCC8 /* coredataDemoTests.swift */ = {isa = PBXFileReference; lastKnownFileType = sourcecode.swift; path = coredataDemoTests.swift; sourceTree = "<group>"; };
		D88F34D42C048768009EFCC8 /* coredataDemoUITests.xctest */ = {isa = PBXFileReference; explicitFileType = wrapper.cfbundle; includeInIndex = 0; path = coredataDemoUITests.xctest; sourceTree = BUILT_PRODUCTS_DIR; };
		D88F34D82C048768009EFCC8 /* coredataDemoUITests.swift */ = {isa = PBXFileReference; lastKnownFileType = sourcecode.swift; path = coredataDemoUITests.swift; sourceTree = "<group>"; };
		D88F34DA2C048768009EFCC8 /* coredataDemoUITestsLaunchTests.swift */ = {isa = PBXFileReference; lastKnownFileType = sourcecode.swift; path = coredataDemoUITestsLaunchTests.swift; sourceTree = "<group>"; };
		D88F34F02C0489DC009EFCC8 /* Person+CoreDataClass.swift */ = {isa = PBXFileReference; lastKnownFileType = sourcecode.swift; name = "Person+CoreDataClass.swift"; path = "Model/Person+CoreDataClass.swift"; sourceTree = "<group>"; };
		D88F34F12C0489DC009EFCC8 /* Person+CoreDataProperties.swift */ = {isa = PBXFileReference; lastKnownFileType = sourcecode.swift; name = "Person+CoreDataProperties.swift"; path = "Model/Person+CoreDataProperties.swift"; sourceTree = "<group>"; };
		D88F34F82C0499D1009EFCC8 /* PersonViewModel.swift */ = {isa = PBXFileReference; lastKnownFileType = sourcecode.swift; path = PersonViewModel.swift; sourceTree = "<group>"; };
		D88F34FB2C05C1D7009EFCC8 /* PersonRepository.swift */ = {isa = PBXFileReference; lastKnownFileType = sourcecode.swift; path = PersonRepository.swift; sourceTree = "<group>"; };
		D88F34FD2C05C213009EFCC8 /* UseCases.swift */ = {isa = PBXFileReference; lastKnownFileType = sourcecode.swift; path = UseCases.swift; sourceTree = "<group>"; };
		D88F35002C05C55C009EFCC8 /* AddPersonView.swift */ = {isa = PBXFileReference; lastKnownFileType = sourcecode.swift; path = AddPersonView.swift; sourceTree = "<group>"; };
		D88F35022C05C644009EFCC8 /* PersonDetailView.swift */ = {isa = PBXFileReference; lastKnownFileType = sourcecode.swift; path = PersonDetailView.swift; sourceTree = "<group>"; };
/* End PBXFileReference section */

/* Begin PBXFrameworksBuildPhase section */
		D88F34B22C048766009EFCC8 /* Frameworks */ = {
			isa = PBXFrameworksBuildPhase;
			buildActionMask = 2147483647;
			files = (
			);
			runOnlyForDeploymentPostprocessing = 0;
		};
		D88F34C72C048768009EFCC8 /* Frameworks */ = {
			isa = PBXFrameworksBuildPhase;
			buildActionMask = 2147483647;
			files = (
			);
			runOnlyForDeploymentPostprocessing = 0;
		};
		D88F34D12C048768009EFCC8 /* Frameworks */ = {
			isa = PBXFrameworksBuildPhase;
			buildActionMask = 2147483647;
			files = (
			);
			runOnlyForDeploymentPostprocessing = 0;
		};
/* End PBXFrameworksBuildPhase section */

/* Begin PBXGroup section */
		D88F34AC2C048766009EFCC8 = {
			isa = PBXGroup;
			children = (
				D88F34F02C0489DC009EFCC8 /* Person+CoreDataClass.swift */,
				D88F34F12C0489DC009EFCC8 /* Person+CoreDataProperties.swift */,
				D88F34B72C048766009EFCC8 /* coredataDemo */,
				D88F34CD2C048768009EFCC8 /* coredataDemoTests */,
				D88F34D72C048768009EFCC8 /* coredataDemoUITests */,
				D88F34B62C048766009EFCC8 /* Products */,
			);
			sourceTree = "<group>";
		};
		D88F34B62C048766009EFCC8 /* Products */ = {
			isa = PBXGroup;
			children = (
				D88F34B52C048766009EFCC8 /* coredataDemo.app */,
				D88F34CA2C048768009EFCC8 /* coredataDemoTests.xctest */,
				D88F34D42C048768009EFCC8 /* coredataDemoUITests.xctest */,
			);
			name = Products;
			sourceTree = "<group>";
		};
		D88F34B72C048766009EFCC8 /* coredataDemo */ = {
			isa = PBXGroup;
			children = (
				D88F34FF2C05C54C009EFCC8 /* View */,
				D88F34FA2C05C1BF009EFCC8 /* Data */,
				D88F34F72C0499BD009EFCC8 /* ViewModel */,
				D88F34B82C048766009EFCC8 /* coredataDemoApp.swift */,
				D88F34BC2C048767009EFCC8 /* Assets.xcassets */,
				D88F34C12C048768009EFCC8 /* Persistence.swift */,
				D88F34C32C048768009EFCC8 /* coredataDemo.xcdatamodeld */,
				D88F34BE2C048767009EFCC8 /* Preview Content */,
			);
			path = coredataDemo;
			sourceTree = "<group>";
		};
		D88F34BE2C048767009EFCC8 /* Preview Content */ = {
			isa = PBXGroup;
			children = (
				D88F34BF2C048767009EFCC8 /* Preview Assets.xcassets */,
			);
			path = "Preview Content";
			sourceTree = "<group>";
		};
		D88F34CD2C048768009EFCC8 /* coredataDemoTests */ = {
			isa = PBXGroup;
			children = (
				D88F34CE2C048768009EFCC8 /* coredataDemoTests.swift */,
			);
			path = coredataDemoTests;
			sourceTree = "<group>";
		};
		D88F34D72C048768009EFCC8 /* coredataDemoUITests */ = {
			isa = PBXGroup;
			children = (
				D88F34D82C048768009EFCC8 /* coredataDemoUITests.swift */,
				D88F34DA2C048768009EFCC8 /* coredataDemoUITestsLaunchTests.swift */,
			);
			path = coredataDemoUITests;
			sourceTree = "<group>";
		};
		D88F34F72C0499BD009EFCC8 /* ViewModel */ = {
			isa = PBXGroup;
			children = (
				D88F34F82C0499D1009EFCC8 /* PersonViewModel.swift */,
			);
			path = ViewModel;
			sourceTree = "<group>";
		};
		D88F34FA2C05C1BF009EFCC8 /* Data */ = {
			isa = PBXGroup;
			children = (
				D88F34FB2C05C1D7009EFCC8 /* PersonRepository.swift */,
				D88F34FD2C05C213009EFCC8 /* UseCases.swift */,
			);
			path = Data;
			sourceTree = "<group>";
		};
		D88F34FF2C05C54C009EFCC8 /* View */ = {
			isa = PBXGroup;
			children = (
				D88F34BA2C048766009EFCC8 /* ContentView.swift */,
				D88F35002C05C55C009EFCC8 /* AddPersonView.swift */,
				D88F35022C05C644009EFCC8 /* PersonDetailView.swift */,
			);
			path = View;
			sourceTree = "<group>";
		};
/* End PBXGroup section */

/* Begin PBXNativeTarget section */
		D88F34B42C048766009EFCC8 /* coredataDemo */ = {
			isa = PBXNativeTarget;
			buildConfigurationList = D88F34DE2C048768009EFCC8 /* Build configuration list for PBXNativeTarget "coredataDemo" */;
			buildPhases = (
				D88F34B12C048766009EFCC8 /* Sources */,
				D88F34B22C048766009EFCC8 /* Frameworks */,
				D88F34B32C048766009EFCC8 /* Resources */,
			);
			buildRules = (
			);
			dependencies = (
			);
			name = coredataDemo;
			productName = coredataDemo;
			productReference = D88F34B52C048766009EFCC8 /* coredataDemo.app */;
			productType = "com.apple.product-type.application";
		};
		D88F34C92C048768009EFCC8 /* coredataDemoTests */ = {
			isa = PBXNativeTarget;
			buildConfigurationList = D88F34E12C048768009EFCC8 /* Build configuration list for PBXNativeTarget "coredataDemoTests" */;
			buildPhases = (
				D88F34C62C048768009EFCC8 /* Sources */,
				D88F34C72C048768009EFCC8 /* Frameworks */,
				D88F34C82C048768009EFCC8 /* Resources */,
			);
			buildRules = (
			);
			dependencies = (
				D88F34CC2C048768009EFCC8 /* PBXTargetDependency */,
			);
			name = coredataDemoTests;
			productName = coredataDemoTests;
			productReference = D88F34CA2C048768009EFCC8 /* coredataDemoTests.xctest */;
			productType = "com.apple.product-type.bundle.unit-test";
		};
		D88F34D32C048768009EFCC8 /* coredataDemoUITests */ = {
			isa = PBXNativeTarget;
			buildConfigurationList = D88F34E42C048768009EFCC8 /* Build configuration list for PBXNativeTarget "coredataDemoUITests" */;
			buildPhases = (
				D88F34D02C048768009EFCC8 /* Sources */,
				D88F34D12C048768009EFCC8 /* Frameworks */,
				D88F34D22C048768009EFCC8 /* Resources */,
			);
			buildRules = (
			);
			dependencies = (
				D88F34D62C048768009EFCC8 /* PBXTargetDependency */,
			);
			name = coredataDemoUITests;
			productName = coredataDemoUITests;
			productReference = D88F34D42C048768009EFCC8 /* coredataDemoUITests.xctest */;
			productType = "com.apple.product-type.bundle.ui-testing";
		};
/* End PBXNativeTarget section */

/* Begin PBXProject section */
		D88F34AD2C048766009EFCC8 /* Project object */ = {
			isa = PBXProject;
			attributes = {
				BuildIndependentTargetsInParallel = 1;
				LastSwiftUpdateCheck = 1540;
				LastUpgradeCheck = 1540;
				TargetAttributes = {
					D88F34B42C048766009EFCC8 = {
						CreatedOnToolsVersion = 15.4;
					};
					D88F34C92C048768009EFCC8 = {
						CreatedOnToolsVersion = 15.4;
						TestTargetID = D88F34B42C048766009EFCC8;
					};
					D88F34D32C048768009EFCC8 = {
						CreatedOnToolsVersion = 15.4;
						TestTargetID = D88F34B42C048766009EFCC8;
					};
				};
			};
			buildConfigurationList = D88F34B02C048766009EFCC8 /* Build configuration list for PBXProject "coredataDemo" */;
			compatibilityVersion = "Xcode 14.0";
			developmentRegion = en;
			hasScannedForEncodings = 0;
			knownRegions = (
				en,
				Base,
			);
			mainGroup = D88F34AC2C048766009EFCC8;
			productRefGroup = D88F34B62C048766009EFCC8 /* Products */;
			projectDirPath = "";
			projectRoot = "";
			targets = (
				D88F34B42C048766009EFCC8 /* coredataDemo */,
				D88F34C92C048768009EFCC8 /* coredataDemoTests */,
				D88F34D32C048768009EFCC8 /* coredataDemoUITests */,
			);
		};
/* End PBXProject section */

/* Begin PBXResourcesBuildPhase section */
		D88F34B32C048766009EFCC8 /* Resources */ = {
			isa = PBXResourcesBuildPhase;
			buildActionMask = 2147483647;
			files = (
				D88F34C02C048767009EFCC8 /* Preview Assets.xcassets in Resources */,
				D88F34BD2C048767009EFCC8 /* Assets.xcassets in Resources */,
			);
			runOnlyForDeploymentPostprocessing = 0;
		};
		D88F34C82C048768009EFCC8 /* Resources */ = {
			isa = PBXResourcesBuildPhase;
			buildActionMask = 2147483647;
			files = (
			);
			runOnlyForDeploymentPostprocessing = 0;
		};
		D88F34D22C048768009EFCC8 /* Resources */ = {
			isa = PBXResourcesBuildPhase;
			buildActionMask = 2147483647;
			files = (
			);
			runOnlyForDeploymentPostprocessing = 0;
		};
/* End PBXResourcesBuildPhase section */

/* Begin PBXSourcesBuildPhase section */
		D88F34B12C048766009EFCC8 /* Sources */ = {
			isa = PBXSourcesBuildPhase;
			buildActionMask = 2147483647;
			files = (
				D88F34FC2C05C1D7009EFCC8 /* PersonRepository.swift in Sources */,
				D88F34C22C048768009EFCC8 /* Persistence.swift in Sources */,
				D88F34C52C048768009EFCC8 /* coredataDemo.xcdatamodeld in Sources */,
				D88F34F22C0489DC009EFCC8 /* Person+CoreDataClass.swift in Sources */,
				D88F34FE2C05C213009EFCC8 /* UseCases.swift in Sources */,
				D88F34F32C0489DC009EFCC8 /* Person+CoreDataProperties.swift in Sources */,
				D88F34BB2C048766009EFCC8 /* ContentView.swift in Sources */,
				D88F35012C05C55C009EFCC8 /* AddPersonView.swift in Sources */,
				D88F34B92C048766009EFCC8 /* coredataDemoApp.swift in Sources */,
				D88F35032C05C644009EFCC8 /* PersonDetailView.swift in Sources */,
				D88F34F92C0499D1009EFCC8 /* PersonViewModel.swift in Sources */,
			);
			runOnlyForDeploymentPostprocessing = 0;
		};
		D88F34C62C048768009EFCC8 /* Sources */ = {
			isa = PBXSourcesBuildPhase;
			buildActionMask = 2147483647;
			files = (
				D88F34CF2C048768009EFCC8 /* coredataDemoTests.swift in Sources */,
			);
			runOnlyForDeploymentPostprocessing = 0;
		};
		D88F34D02C048768009EFCC8 /* Sources */ = {
			isa = PBXSourcesBuildPhase;
			buildActionMask = 2147483647;
			files = (
				D88F34DB2C048768009EFCC8 /* coredataDemoUITestsLaunchTests.swift in Sources */,
				D88F34D92C048768009EFCC8 /* coredataDemoUITests.swift in Sources */,
			);
			runOnlyForDeploymentPostprocessing = 0;
		};
/* End PBXSourcesBuildPhase section */

/* Begin PBXTargetDependency section */
		D88F34CC2C048768009EFCC8 /* PBXTargetDependency */ = {
			isa = PBXTargetDependency;
			target = D88F34B42C048766009EFCC8 /* coredataDemo */;
			targetProxy = D88F34CB2C048768009EFCC8 /* PBXContainerItemProxy */;
		};
		D88F34D62C048768009EFCC8 /* PBXTargetDependency */ = {
			isa = PBXTargetDependency;
			target = D88F34B42C048766009EFCC8 /* coredataDemo */;
			targetProxy = D88F34D52C048768009EFCC8 /* PBXContainerItemProxy */;
		};
/* End PBXTargetDependency section */

/* Begin XCBuildConfiguration section */
		D88F34DC2C048768009EFCC8 /* Debug */ = {
			isa = XCBuildConfiguration;
			buildSettings = {
				ALWAYS_SEARCH_USER_PATHS = NO;
				ASSETCATALOG_COMPILER_GENERATE_SWIFT_ASSET_SYMBOL_EXTENSIONS = YES;
				CLANG_ANALYZER_NONNULL = YES;
				CLANG_ANALYZER_NUMBER_OBJECT_CONVERSION = YES_AGGRESSIVE;
				CLANG_CXX_LANGUAGE_STANDARD = "gnu++20";
				CLANG_ENABLE_MODULES = YES;
				CLANG_ENABLE_OBJC_ARC = YES;
				CLANG_ENABLE_OBJC_WEAK = YES;
				CLANG_WARN_BLOCK_CAPTURE_AUTORELEASING = YES;
				CLANG_WARN_BOOL_CONVERSION = YES;
				CLANG_WARN_COMMA = YES;
				CLANG_WARN_CONSTANT_CONVERSION = YES;
				CLANG_WARN_DEPRECATED_OBJC_IMPLEMENTATIONS = YES;
				CLANG_WARN_DIRECT_OBJC_ISA_USAGE = YES_ERROR;
				CLANG_WARN_DOCUMENTATION_COMMENTS = YES;
				CLANG_WARN_EMPTY_BODY = YES;
				CLANG_WARN_ENUM_CONVERSION = YES;
				CLANG_WARN_INFINITE_RECURSION = YES;
				CLANG_WARN_INT_CONVERSION = YES;
				CLANG_WARN_NON_LITERAL_NULL_CONVERSION = YES;
				CLANG_WARN_OBJC_IMPLICIT_RETAIN_SELF = YES;
				CLANG_WARN_OBJC_LITERAL_CONVERSION = YES;
				CLANG_WARN_OBJC_ROOT_CLASS = YES_ERROR;
				CLANG_WARN_QUOTED_INCLUDE_IN_FRAMEWORK_HEADER = YES;
				CLANG_WARN_RANGE_LOOP_ANALYSIS = YES;
				CLANG_WARN_STRICT_PROTOTYPES = YES;
				CLANG_WARN_SUSPICIOUS_MOVE = YES;
				CLANG_WARN_UNGUARDED_AVAILABILITY = YES_AGGRESSIVE;
				CLANG_WARN_UNREACHABLE_CODE = YES;
				CLANG_WARN__DUPLICATE_METHOD_MATCH = YES;
				COPY_PHASE_STRIP = NO;
				DEBUG_INFORMATION_FORMAT = dwarf;
				ENABLE_STRICT_OBJC_MSGSEND = YES;
				ENABLE_TESTABILITY = YES;
				ENABLE_USER_SCRIPT_SANDBOXING = YES;
				GCC_C_LANGUAGE_STANDARD = gnu17;
				GCC_DYNAMIC_NO_PIC = NO;
				GCC_NO_COMMON_BLOCKS = YES;
				GCC_OPTIMIZATION_LEVEL = 0;
				GCC_PREPROCESSOR_DEFINITIONS = (
					"DEBUG=1",
					"$(inherited)",
				);
				GCC_WARN_64_TO_32_BIT_CONVERSION = YES;
				GCC_WARN_ABOUT_RETURN_TYPE = YES_ERROR;
				GCC_WARN_UNDECLARED_SELECTOR = YES;
				GCC_WARN_UNINITIALIZED_AUTOS = YES_AGGRESSIVE;
				GCC_WARN_UNUSED_FUNCTION = YES;
				GCC_WARN_UNUSED_VARIABLE = YES;
				IPHONEOS_DEPLOYMENT_TARGET = 17.5;
				LOCALIZATION_PREFERS_STRING_CATALOGS = YES;
				MTL_ENABLE_DEBUG_INFO = INCLUDE_SOURCE;
				MTL_FAST_MATH = YES;
				ONLY_ACTIVE_ARCH = YES;
				SDKROOT = iphoneos;
				SWIFT_ACTIVE_COMPILATION_CONDITIONS = "DEBUG $(inherited)";
				SWIFT_OPTIMIZATION_LEVEL = "-Onone";
			};
			name = Debug;
		};
		D88F34DD2C048768009EFCC8 /* Release */ = {
			isa = XCBuildConfiguration;
			buildSettings = {
				ALWAYS_SEARCH_USER_PATHS = NO;
				ASSETCATALOG_COMPILER_GENERATE_SWIFT_ASSET_SYMBOL_EXTENSIONS = YES;
				CLANG_ANALYZER_NONNULL = YES;
				CLANG_ANALYZER_NUMBER_OBJECT_CONVERSION = YES_AGGRESSIVE;
				CLANG_CXX_LANGUAGE_STANDARD = "gnu++20";
				CLANG_ENABLE_MODULES = YES;
				CLANG_ENABLE_OBJC_ARC = YES;
				CLANG_ENABLE_OBJC_WEAK = YES;
				CLANG_WARN_BLOCK_CAPTURE_AUTORELEASING = YES;
				CLANG_WARN_BOOL_CONVERSION = YES;
				CLANG_WARN_COMMA = YES;
				CLANG_WARN_CONSTANT_CONVERSION = YES;
				CLANG_WARN_DEPRECATED_OBJC_IMPLEMENTATIONS = YES;
				CLANG_WARN_DIRECT_OBJC_ISA_USAGE = YES_ERROR;
				CLANG_WARN_DOCUMENTATION_COMMENTS = YES;
				CLANG_WARN_EMPTY_BODY = YES;
				CLANG_WARN_ENUM_CONVERSION = YES;
				CLANG_WARN_INFINITE_RECURSION = YES;
				CLANG_WARN_INT_CONVERSION = YES;
				CLANG_WARN_NON_LITERAL_NULL_CONVERSION = YES;
				CLANG_WARN_OBJC_IMPLICIT_RETAIN_SELF = YES;
				CLANG_WARN_OBJC_LITERAL_CONVERSION = YES;
				CLANG_WARN_OBJC_ROOT_CLASS = YES_ERROR;
				CLANG_WARN_QUOTED_INCLUDE_IN_FRAMEWORK_HEADER = YES;
				CLANG_WARN_RANGE_LOOP_ANALYSIS = YES;
				CLANG_WARN_STRICT_PROTOTYPES = YES;
				CLANG_WARN_SUSPICIOUS_MOVE = YES;
				CLANG_WARN_UNGUARDED_AVAILABILITY = YES_AGGRESSIVE;
				CLANG_WARN_UNREACHABLE_CODE = YES;
				CLANG_WARN__DUPLICATE_METHOD_MATCH = YES;
				COPY_PHASE_STRIP = NO;
				DEBUG_INFORMATION_FORMAT = "dwarf-with-dsym";
				ENABLE_NS_ASSERTIONS = NO;
				ENABLE_STRICT_OBJC_MSGSEND = YES;
				ENABLE_USER_SCRIPT_SANDBOXING = YES;
				GCC_C_LANGUAGE_STANDARD = gnu17;
				GCC_NO_COMMON_BLOCKS = YES;
				GCC_WARN_64_TO_32_BIT_CONVERSION = YES;
				GCC_WARN_ABOUT_RETURN_TYPE = YES_ERROR;
				GCC_WARN_UNDECLARED_SELECTOR = YES;
				GCC_WARN_UNINITIALIZED_AUTOS = YES_AGGRESSIVE;
				GCC_WARN_UNUSED_FUNCTION = YES;
				GCC_WARN_UNUSED_VARIABLE = YES;
				IPHONEOS_DEPLOYMENT_TARGET = 17.5;
				LOCALIZATION_PREFERS_STRING_CATALOGS = YES;
				MTL_ENABLE_DEBUG_INFO = NO;
				MTL_FAST_MATH = YES;
				SDKROOT = iphoneos;
				SWIFT_COMPILATION_MODE = wholemodule;
				VALIDATE_PRODUCT = YES;
			};
			name = Release;
		};
		D88F34DF2C048768009EFCC8 /* Debug */ = {
			isa = XCBuildConfiguration;
			buildSettings = {
				ASSETCATALOG_COMPILER_APPICON_NAME = AppIcon;
				ASSETCATALOG_COMPILER_GLOBAL_ACCENT_COLOR_NAME = AccentColor;
				CODE_SIGN_STYLE = Automatic;
				CURRENT_PROJECT_VERSION = 1;
				DEVELOPMENT_ASSET_PATHS = "\"coredataDemo/Preview Content\"";
				ENABLE_PREVIEWS = YES;
				GENERATE_INFOPLIST_FILE = YES;
				INFOPLIST_KEY_UIApplicationSceneManifest_Generation = YES;
				INFOPLIST_KEY_UIApplicationSupportsIndirectInputEvents = YES;
				INFOPLIST_KEY_UILaunchScreen_Generation = YES;
				INFOPLIST_KEY_UISupportedInterfaceOrientations_iPad = "UIInterfaceOrientationPortrait UIInterfaceOrientationPortraitUpsideDown UIInterfaceOrientationLandscapeLeft UIInterfaceOrientationLandscapeRight";
				INFOPLIST_KEY_UISupportedInterfaceOrientations_iPhone = "UIInterfaceOrientationPortrait UIInterfaceOrientationLandscapeLeft UIInterfaceOrientationLandscapeRight";
				LD_RUNPATH_SEARCH_PATHS = (
					"$(inherited)",
					"@executable_path/Frameworks",
				);
				MARKETING_VERSION = 1.0;
				PRODUCT_BUNDLE_IDENTIFIER = com.neogov.coredataDemo;
				PRODUCT_NAME = "$(TARGET_NAME)";
				SWIFT_EMIT_LOC_STRINGS = YES;
				SWIFT_VERSION = 5.0;
				TARGETED_DEVICE_FAMILY = "1,2";
			};
			name = Debug;
		};
		D88F34E02C048768009EFCC8 /* Release */ = {
			isa = XCBuildConfiguration;
			buildSettings = {
				ASSETCATALOG_COMPILER_APPICON_NAME = AppIcon;
				ASSETCATALOG_COMPILER_GLOBAL_ACCENT_COLOR_NAME = AccentColor;
				CODE_SIGN_STYLE = Automatic;
				CURRENT_PROJECT_VERSION = 1;
				DEVELOPMENT_ASSET_PATHS = "\"coredataDemo/Preview Content\"";
				ENABLE_PREVIEWS = YES;
				GENERATE_INFOPLIST_FILE = YES;
				INFOPLIST_KEY_UIApplicationSceneManifest_Generation = YES;
				INFOPLIST_KEY_UIApplicationSupportsIndirectInputEvents = YES;
				INFOPLIST_KEY_UILaunchScreen_Generation = YES;
				INFOPLIST_KEY_UISupportedInterfaceOrientations_iPad = "UIInterfaceOrientationPortrait UIInterfaceOrientationPortraitUpsideDown UIInterfaceOrientationLandscapeLeft UIInterfaceOrientationLandscapeRight";
				INFOPLIST_KEY_UISupportedInterfaceOrientations_iPhone = "UIInterfaceOrientationPortrait UIInterfaceOrientationLandscapeLeft UIInterfaceOrientationLandscapeRight";
				LD_RUNPATH_SEARCH_PATHS = (
					"$(inherited)",
					"@executable_path/Frameworks",
				);
				MARKETING_VERSION = 1.0;
				PRODUCT_BUNDLE_IDENTIFIER = com.neogov.coredataDemo;
				PRODUCT_NAME = "$(TARGET_NAME)";
				SWIFT_EMIT_LOC_STRINGS = YES;
				SWIFT_VERSION = 5.0;
				TARGETED_DEVICE_FAMILY = "1,2";
			};
			name = Release;
		};
		D88F34E22C048768009EFCC8 /* Debug */ = {
			isa = XCBuildConfiguration;
			buildSettings = {
				ALWAYS_EMBED_SWIFT_STANDARD_LIBRARIES = YES;
				BUNDLE_LOADER = "$(TEST_HOST)";
				CODE_SIGN_STYLE = Automatic;
				CURRENT_PROJECT_VERSION = 1;
				GENERATE_INFOPLIST_FILE = YES;
				IPHONEOS_DEPLOYMENT_TARGET = 17.5;
				MARKETING_VERSION = 1.0;
				PRODUCT_BUNDLE_IDENTIFIER = com.neogov.coredataDemoTests;
				PRODUCT_NAME = "$(TARGET_NAME)";
				SWIFT_EMIT_LOC_STRINGS = NO;
				SWIFT_VERSION = 5.0;
				TARGETED_DEVICE_FAMILY = "1,2";
				TEST_HOST = "$(BUILT_PRODUCTS_DIR)/coredataDemo.app/$(BUNDLE_EXECUTABLE_FOLDER_PATH)/coredataDemo";
			};
			name = Debug;
		};
		D88F34E32C048768009EFCC8 /* Release */ = {
			isa = XCBuildConfiguration;
			buildSettings = {
				ALWAYS_EMBED_SWIFT_STANDARD_LIBRARIES = YES;
				BUNDLE_LOADER = "$(TEST_HOST)";
				CODE_SIGN_STYLE = Automatic;
				CURRENT_PROJECT_VERSION = 1;
				GENERATE_INFOPLIST_FILE = YES;
				IPHONEOS_DEPLOYMENT_TARGET = 17.5;
				MARKETING_VERSION = 1.0;
				PRODUCT_BUNDLE_IDENTIFIER = com.neogov.coredataDemoTests;
				PRODUCT_NAME = "$(TARGET_NAME)";
				SWIFT_EMIT_LOC_STRINGS = NO;
				SWIFT_VERSION = 5.0;
				TARGETED_DEVICE_FAMILY = "1,2";
				TEST_HOST = "$(BUILT_PRODUCTS_DIR)/coredataDemo.app/$(BUNDLE_EXECUTABLE_FOLDER_PATH)/coredataDemo";
			};
			name = Release;
		};
		D88F34E52C048768009EFCC8 /* Debug */ = {
			isa = XCBuildConfiguration;
			buildSettings = {
				ALWAYS_EMBED_SWIFT_STANDARD_LIBRARIES = YES;
				CODE_SIGN_STYLE = Automatic;
				CURRENT_PROJECT_VERSION = 1;
				GENERATE_INFOPLIST_FILE = YES;
				MARKETING_VERSION = 1.0;
				PRODUCT_BUNDLE_IDENTIFIER = com.neogov.coredataDemoUITests;
				PRODUCT_NAME = "$(TARGET_NAME)";
				SWIFT_EMIT_LOC_STRINGS = NO;
				SWIFT_VERSION = 5.0;
				TARGETED_DEVICE_FAMILY = "1,2";
				TEST_TARGET_NAME = coredataDemo;
			};
			name = Debug;
		};
		D88F34E62C048768009EFCC8 /* Release */ = {
			isa = XCBuildConfiguration;
			buildSettings = {
				ALWAYS_EMBED_SWIFT_STANDARD_LIBRARIES = YES;
				CODE_SIGN_STYLE = Automatic;
				CURRENT_PROJECT_VERSION = 1;
				GENERATE_INFOPLIST_FILE = YES;
				MARKETING_VERSION = 1.0;
				PRODUCT_BUNDLE_IDENTIFIER = com.neogov.coredataDemoUITests;
				PRODUCT_NAME = "$(TARGET_NAME)";
				SWIFT_EMIT_LOC_STRINGS = NO;
				SWIFT_VERSION = 5.0;
				TARGETED_DEVICE_FAMILY = "1,2";
				TEST_TARGET_NAME = coredataDemo;
			};
			name = Release;
		};
/* End XCBuildConfiguration section */

/* Begin XCConfigurationList section */
		D88F34B02C048766009EFCC8 /* Build configuration list for PBXProject "coredataDemo" */ = {
			isa = XCConfigurationList;
			buildConfigurations = (
				D88F34DC2C048768009EFCC8 /* Debug */,
				D88F34DD2C048768009EFCC8 /* Release */,
			);
			defaultConfigurationIsVisible = 0;
			defaultConfigurationName = Release;
		};
		D88F34DE2C048768009EFCC8 /* Build configuration list for PBXNativeTarget "coredataDemo" */ = {
			isa = XCConfigurationList;
			buildConfigurations = (
				D88F34DF2C048768009EFCC8 /* Debug */,
				D88F34E02C048768009EFCC8 /* Release */,
			);
			defaultConfigurationIsVisible = 0;
			defaultConfigurationName = Release;
		};
		D88F34E12C048768009EFCC8 /* Build configuration list for PBXNativeTarget "coredataDemoTests" */ = {
			isa = XCConfigurationList;
			buildConfigurations = (
				D88F34E22C048768009EFCC8 /* Debug */,
				D88F34E32C048768009EFCC8 /* Release */,
			);
			defaultConfigurationIsVisible = 0;
			defaultConfigurationName = Release;
		};
		D88F34E42C048768009EFCC8 /* Build configuration list for PBXNativeTarget "coredataDemoUITests" */ = {
			isa = XCConfigurationList;
			buildConfigurations = (
				D88F34E52C048768009EFCC8 /* Debug */,
				D88F34E62C048768009EFCC8 /* Release */,
			);
			defaultConfigurationIsVisible = 0;
			defaultConfigurationName = Release;
		};
/* End XCConfigurationList section */

/* Begin XCVersionGroup section */
		D88F34C32C048768009EFCC8 /* coredataDemo.xcdatamodeld */ = {
			isa = XCVersionGroup;
			children = (
				D88F34C42C048768009EFCC8 /* coredataDemo.xcdatamodel */,
			);
			currentVersion = D88F34C42C048768009EFCC8 /* coredataDemo.xcdatamodel */;
			path = coredataDemo.xcdatamodeld;
			sourceTree = "<group>";
			versionGroupType = wrapper.xcdatamodel;
		};
/* End XCVersionGroup section */
	};
	rootObject = D88F34AD2C048766009EFCC8 /* Project object */;
}
